
Microsoft Visual Studio Solution File, Format Version 12.00
Project("{FAE04EC0-301F-11D3-BF4B-00C04F79EFBC}") = "Sandbox", "Sandbox\Sandbox.csproj", "{0FAA7C96-D506-4096-987E-0CD4D706BF44}"
EndProject
Project("{FAE04EC0-301F-11D3-BF4B-00C04F79EFBC}") = "Variables y Tipos de Datos", "Variables y Tipos de Datos\Variables y Tipos de Datos.csproj", "{4F32DE49-FB78-413A-B80E-123122FBF357}"
EndProject
Project("{FAE04EC0-301F-11D3-BF4B-00C04F79EFBC}") = "Tipos implícitos y explícitos", "Tipos implícitos y explícitos\Tipos implícitos y explícitos.csproj", "{BCB5057B-8F76-49BB-8771-B13652D01751}"
EndProject
Project("{FAE04EC0-301F-11D3-BF4B-00C04F79EFBC}") = "Condicionales", "Condicionales\Condicionales.csproj", "{B74575C5-A40B-47E6-84FA-20DFD9459851}"
EndProject
Project("{FAE04EC0-301F-11D3-BF4B-00C04F79EFBC}") = "Simulacro de Examen", "Simulacro de Examen\Simulacro de Examen.csproj", "{904B0AB0-23C5-48EC-923B-F73AADE402E1}"
EndProject
Project("{FAE04EC0-301F-11D3-BF4B-00C04F79EFBC}") = "Examen Primer Parcial", "Examen Primer Parcial\Examen Primer Parcial.csproj", "{DF06935B-067C-4F7C-8ECE-2041955C827C}"
EndProject
Global
	GlobalSection(SolutionConfigurationPlatforms) = preSolution
		Debug|Any CPU = Debug|Any CPU
		Release|Any CPU = Release|Any CPU
	EndGlobalSection
	GlobalSection(ProjectConfigurationPlatforms) = postSolution
		{0FAA7C96-D506-4096-987E-0CD4D706BF44}.Debug|Any CPU.ActiveCfg = Debug|Any CPU
		{0FAA7C96-D506-4096-987E-0CD4D706BF44}.Debug|Any CPU.Build.0 = Debug|Any CPU
		{0FAA7C96-D506-4096-987E-0CD4D706BF44}.Release|Any CPU.ActiveCfg = Release|Any CPU
		{0FAA7C96-D506-4096-987E-0CD4D706BF44}.Release|Any CPU.Build.0 = Release|Any CPU
		{4F32DE49-FB78-413A-B80E-123122FBF357}.Debug|Any CPU.ActiveCfg = Debug|Any CPU
		{4F32DE49-FB78-413A-B80E-123122FBF357}.Debug|Any CPU.Build.0 = Debug|Any CPU
		{4F32DE49-FB78-413A-B80E-123122FBF357}.Release|Any CPU.ActiveCfg = Release|Any CPU
		{4F32DE49-FB78-413A-B80E-123122FBF357}.Release|Any CPU.Build.0 = Release|Any CPU
		{BCB5057B-8F76-49BB-8771-B13652D01751}.Debug|Any CPU.ActiveCfg = Debug|Any CPU
		{BCB5057B-8F76-49BB-8771-B13652D01751}.Debug|Any CPU.Build.0 = Debug|Any CPU
		{BCB5057B-8F76-49BB-8771-B13652D01751}.Release|Any CPU.ActiveCfg = Release|Any CPU
		{BCB5057B-8F76-49BB-8771-B13652D01751}.Release|Any CPU.Build.0 = Release|Any CPU
		{B74575C5-A40B-47E6-84FA-20DFD9459851}.Debug|Any CPU.ActiveCfg = Debug|Any CPU
		{B74575C5-A40B-47E6-84FA-20DFD9459851}.Debug|Any CPU.Build.0 = Debug|Any CPU
		{B74575C5-A40B-47E6-84FA-20DFD9459851}.Release|Any CPU.ActiveCfg = Release|Any CPU
		{B74575C5-A40B-47E6-84FA-20DFD9459851}.Release|Any CPU.Build.0 = Release|Any CPU
		{904B0AB0-23C5-48EC-923B-F73AADE402E1}.Debug|Any CPU.ActiveCfg = Debug|Any CPU
		{904B0AB0-23C5-48EC-923B-F73AADE402E1}.Debug|Any CPU.Build.0 = Debug|Any CPU
		{904B0AB0-23C5-48EC-923B-F73AADE402E1}.Release|Any CPU.ActiveCfg = Release|Any CPU
		{904B0AB0-23C5-48EC-923B-F73AADE402E1}.Release|Any CPU.Build.0 = Release|Any CPU
		{DF06935B-067C-4F7C-8ECE-2041955C827C}.Debug|Any CPU.ActiveCfg = Debug|Any CPU
		{DF06935B-067C-4F7C-8ECE-2041955C827C}.Debug|Any CPU.Build.0 = Debug|Any CPU
		{DF06935B-067C-4F7C-8ECE-2041955C827C}.Release|Any CPU.ActiveCfg = Release|Any CPU
		{DF06935B-067C-4F7C-8ECE-2041955C827C}.Release|Any CPU.Build.0 = Release|Any CPU
	EndGlobalSection
EndGlobal
